
Microsoft Visual Studio Solution File, Format Version 12.00
# Visual Studio Version 16
VisualStudioVersion = 16.0.28803.352
MinimumVisualStudioVersion = 15.0.26124.0
Project("{9A19103F-16F7-4668-BE54-9A1E7A4F7556}") = "MvvmBlazor", "MvvmBlazor\MvvmBlazor.csproj", "{B4E1DEC6-44FF-434C-8AA9-79B3F2FE50DA}"
EndProject
Project("{2150E333-8FDC-42A3-9474-1A3956D46DE8}") = "Solution Items", "Solution Items", "{3454D681-0991-4626-A291-D4D9D26E91FF}"
	ProjectSection(SolutionItems) = preProject
		..\.gitattributes = ..\.gitattributes
		..\.gitignore = ..\.gitignore
		..\.github\workflows\build.yaml = ..\.github\workflows\build.yaml
		..\LICENSE = ..\LICENSE
		..\README.md = ..\README.md
		..\.github\workflows\release.yaml = ..\.github\workflows\release.yaml
	EndProjectSection
EndProject
Project("{2150E333-8FDC-42A3-9474-1A3956D46DE8}") = "Samples", "Samples", "{4A4D5D8E-6CD2-4EAB-96E7-B2473C3B2925}"
EndProject
Project("{9A19103F-16F7-4668-BE54-9A1E7A4F7556}") = "MvvmBlazor.Tests", "MvvmBlazor.Tests\MvvmBlazor.Tests.csproj", "{1D60EC2D-CA52-4AA7-AB93-CA21CB85479F}"
EndProject
Project("{9A19103F-16F7-4668-BE54-9A1E7A4F7556}") = "BlazorServersideSample", "..\samples\BlazorServersideSample\BlazorServersideSample.csproj", "{AFAA8C8F-ACB6-41E1-B14C-6B91E074F44E}"
EndProject
Project("{9A19103F-16F7-4668-BE54-9A1E7A4F7556}") = "BlazorSample.Server", "..\samples\BlazorSample\Server\BlazorSample.Server.csproj", "{F7B0DCBE-24E0-4559-9EE9-C9B69A0AAE2F}"
EndProject
Project("{9A19103F-16F7-4668-BE54-9A1E7A4F7556}") = "BlazorSample.Client", "..\samples\BlazorSample\Client\BlazorSample.Client.csproj", "{3EA96E59-0411-4051-9264-508580EAFB3B}"
EndProject
Project("{9A19103F-16F7-4668-BE54-9A1E7A4F7556}") = "BlazorSample.Shared", "..\samples\BlazorSample\Shared\BlazorSample.Shared.csproj", "{57E14396-DD6D-4ECE-89A4-33D4E46FD95B}"
EndProject
Project("{2150E333-8FDC-42A3-9474-1A3956D46DE8}") = "BlazorSample", "BlazorSample", "{E85F0CF6-D317-46D7-8CBE-20D1E8849431}"
EndProject
Global
	GlobalSection(SolutionConfigurationPlatforms) = preSolution
		Debug|Any CPU = Debug|Any CPU
		Debug|x64 = Debug|x64
		Debug|x86 = Debug|x86
		Release|Any CPU = Release|Any CPU
		Release|x64 = Release|x64
		Release|x86 = Release|x86
	EndGlobalSection
	GlobalSection(ProjectConfigurationPlatforms) = postSolution
		{B4E1DEC6-44FF-434C-8AA9-79B3F2FE50DA}.Debug|Any CPU.ActiveCfg = Debug|Any CPU
		{B4E1DEC6-44FF-434C-8AA9-79B3F2FE50DA}.Debug|Any CPU.Build.0 = Debug|Any CPU
		{B4E1DEC6-44FF-434C-8AA9-79B3F2FE50DA}.Debug|x64.ActiveCfg = Debug|Any CPU
		{B4E1DEC6-44FF-434C-8AA9-79B3F2FE50DA}.Debug|x64.Build.0 = Debug|Any CPU
		{B4E1DEC6-44FF-434C-8AA9-79B3F2FE50DA}.Debug|x86.ActiveCfg = Debug|Any CPU
		{B4E1DEC6-44FF-434C-8AA9-79B3F2FE50DA}.Debug|x86.Build.0 = Debug|Any CPU
		{B4E1DEC6-44FF-434C-8AA9-79B3F2FE50DA}.Release|Any CPU.ActiveCfg = Release|Any CPU
		{B4E1DEC6-44FF-434C-8AA9-79B3F2FE50DA}.Release|Any CPU.Build.0 = Release|Any CPU
		{B4E1DEC6-44FF-434C-8AA9-79B3F2FE50DA}.Release|x64.ActiveCfg = Release|Any CPU
		{B4E1DEC6-44FF-434C-8AA9-79B3F2FE50DA}.Release|x64.Build.0 = Release|Any CPU
		{B4E1DEC6-44FF-434C-8AA9-79B3F2FE50DA}.Release|x86.ActiveCfg = Release|Any CPU
		{B4E1DEC6-44FF-434C-8AA9-79B3F2FE50DA}.Release|x86.Build.0 = Release|Any CPU
		{1D60EC2D-CA52-4AA7-AB93-CA21CB85479F}.Debug|Any CPU.ActiveCfg = Debug|Any CPU
		{1D60EC2D-CA52-4AA7-AB93-CA21CB85479F}.Debug|Any CPU.Build.0 = Debug|Any CPU
		{1D60EC2D-CA52-4AA7-AB93-CA21CB85479F}.Debug|x64.ActiveCfg = Debug|Any CPU
		{1D60EC2D-CA52-4AA7-AB93-CA21CB85479F}.Debug|x64.Build.0 = Debug|Any CPU
		{1D60EC2D-CA52-4AA7-AB93-CA21CB85479F}.Debug|x86.ActiveCfg = Debug|Any CPU
		{1D60EC2D-CA52-4AA7-AB93-CA21CB85479F}.Debug|x86.Build.0 = Debug|Any CPU
		{1D60EC2D-CA52-4AA7-AB93-CA21CB85479F}.Release|Any CPU.ActiveCfg = Release|Any CPU
		{1D60EC2D-CA52-4AA7-AB93-CA21CB85479F}.Release|Any CPU.Build.0 = Release|Any CPU
		{1D60EC2D-CA52-4AA7-AB93-CA21CB85479F}.Release|x64.ActiveCfg = Release|Any CPU
		{1D60EC2D-CA52-4AA7-AB93-CA21CB85479F}.Release|x64.Build.0 = Release|Any CPU
		{1D60EC2D-CA52-4AA7-AB93-CA21CB85479F}.Release|x86.ActiveCfg = Release|Any CPU
		{1D60EC2D-CA52-4AA7-AB93-CA21CB85479F}.Release|x86.Build.0 = Release|Any CPU
		{AFAA8C8F-ACB6-41E1-B14C-6B91E074F44E}.Debug|Any CPU.ActiveCfg = Debug|Any CPU
		{AFAA8C8F-ACB6-41E1-B14C-6B91E074F44E}.Debug|Any CPU.Build.0 = Debug|Any CPU
		{AFAA8C8F-ACB6-41E1-B14C-6B91E074F44E}.Debug|x64.ActiveCfg = Debug|Any CPU
		{AFAA8C8F-ACB6-41E1-B14C-6B91E074F44E}.Debug|x64.Build.0 = Debug|Any CPU
		{AFAA8C8F-ACB6-41E1-B14C-6B91E074F44E}.Debug|x86.ActiveCfg = Debug|Any CPU
		{AFAA8C8F-ACB6-41E1-B14C-6B91E074F44E}.Debug|x86.Build.0 = Debug|Any CPU
		{AFAA8C8F-ACB6-41E1-B14C-6B91E074F44E}.Release|Any CPU.ActiveCfg = Release|Any CPU
		{AFAA8C8F-ACB6-41E1-B14C-6B91E074F44E}.Release|Any CPU.Build.0 = Release|Any CPU
		{AFAA8C8F-ACB6-41E1-B14C-6B91E074F44E}.Release|x64.ActiveCfg = Release|Any CPU
		{AFAA8C8F-ACB6-41E1-B14C-6B91E074F44E}.Release|x64.Build.0 = Release|Any CPU
		{AFAA8C8F-ACB6-41E1-B14C-6B91E074F44E}.Release|x86.ActiveCfg = Release|Any CPU
		{AFAA8C8F-ACB6-41E1-B14C-6B91E074F44E}.Release|x86.Build.0 = Release|Any CPU
		{F7B0DCBE-24E0-4559-9EE9-C9B69A0AAE2F}.Debug|Any CPU.ActiveCfg = Debug|Any CPU
		{F7B0DCBE-24E0-4559-9EE9-C9B69A0AAE2F}.Debug|Any CPU.Build.0 = Debug|Any CPU
		{F7B0DCBE-24E0-4559-9EE9-C9B69A0AAE2F}.Debug|x64.ActiveCfg = Debug|Any CPU
		{F7B0DCBE-24E0-4559-9EE9-C9B69A0AAE2F}.Debug|x64.Build.0 = Debug|Any CPU
		{F7B0DCBE-24E0-4559-9EE9-C9B69A0AAE2F}.Debug|x86.ActiveCfg = Debug|Any CPU
		{F7B0DCBE-24E0-4559-9EE9-C9B69A0AAE2F}.Debug|x86.Build.0 = Debug|Any CPU
		{F7B0DCBE-24E0-4559-9EE9-C9B69A0AAE2F}.Release|Any CPU.ActiveCfg = Release|Any CPU
		{F7B0DCBE-24E0-4559-9EE9-C9B69A0AAE2F}.Release|Any CPU.Build.0 = Release|Any CPU
		{F7B0DCBE-24E0-4559-9EE9-C9B69A0AAE2F}.Release|x64.ActiveCfg = Release|Any CPU
		{F7B0DCBE-24E0-4559-9EE9-C9B69A0AAE2F}.Release|x64.Build.0 = Release|Any CPU
		{F7B0DCBE-24E0-4559-9EE9-C9B69A0AAE2F}.Release|x86.ActiveCfg = Release|Any CPU
		{F7B0DCBE-24E0-4559-9EE9-C9B69A0AAE2F}.Release|x86.Build.0 = Release|Any CPU
		{3EA96E59-0411-4051-9264-508580EAFB3B}.Debug|Any CPU.ActiveCfg = Debug|Any CPU
		{3EA96E59-0411-4051-9264-508580EAFB3B}.Debug|Any CPU.Build.0 = Debug|Any CPU
		{3EA96E59-0411-4051-9264-508580EAFB3B}.Debug|x64.ActiveCfg = Debug|Any CPU
		{3EA96E59-0411-4051-9264-508580EAFB3B}.Debug|x64.Build.0 = Debug|Any CPU
		{3EA96E59-0411-4051-9264-508580EAFB3B}.Debug|x86.ActiveCfg = Debug|Any CPU
		{3EA96E59-0411-4051-9264-508580EAFB3B}.Debug|x86.Build.0 = Debug|Any CPU
		{3EA96E59-0411-4051-9264-508580EAFB3B}.Release|Any CPU.ActiveCfg = Release|Any CPU
		{3EA96E59-0411-4051-9264-508580EAFB3B}.Release|Any CPU.Build.0 = Release|Any CPU
		{3EA96E59-0411-4051-9264-508580EAFB3B}.Release|x64.ActiveCfg = Release|Any CPU
		{3EA96E59-0411-4051-9264-508580EAFB3B}.Release|x64.Build.0 = Release|Any CPU
		{3EA96E59-0411-4051-9264-508580EAFB3B}.Release|x86.ActiveCfg = Release|Any CPU
		{3EA96E59-0411-4051-9264-508580EAFB3B}.Release|x86.Build.0 = Release|Any CPU
		{57E14396-DD6D-4ECE-89A4-33D4E46FD95B}.Debug|Any CPU.ActiveCfg = Debug|Any CPU
		{57E14396-DD6D-4ECE-89A4-33D4E46FD95B}.Debug|Any CPU.Build.0 = Debug|Any CPU
		{57E14396-DD6D-4ECE-89A4-33D4E46FD95B}.Debug|x64.ActiveCfg = Debug|Any CPU
		{57E14396-DD6D-4ECE-89A4-33D4E46FD95B}.Debug|x64.Build.0 = Debug|Any CPU
		{57E14396-DD6D-4ECE-89A4-33D4E46FD95B}.Debug|x86.ActiveCfg = Debug|Any CPU
		{57E14396-DD6D-4ECE-89A4-33D4E46FD95B}.Debug|x86.Build.0 = Debug|Any CPU
		{57E14396-DD6D-4ECE-89A4-33D4E46FD95B}.Release|Any CPU.ActiveCfg = Release|Any CPU
		{57E14396-DD6D-4ECE-89A4-33D4E46FD95B}.Release|Any CPU.Build.0 = Release|Any CPU
		{57E14396-DD6D-4ECE-89A4-33D4E46FD95B}.Release|x64.ActiveCfg = Release|Any CPU
		{57E14396-DD6D-4ECE-89A4-33D4E46FD95B}.Release|x64.Build.0 = Release|Any CPU
		{57E14396-DD6D-4ECE-89A4-33D4E46FD95B}.Release|x86.ActiveCfg = Release|Any CPU
		{57E14396-DD6D-4ECE-89A4-33D4E46FD95B}.Release|x86.Build.0 = Release|Any CPU
	EndGlobalSection
	GlobalSection(SolutionProperties) = preSolution
		HideSolutionNode = FALSE
	EndGlobalSection
	GlobalSection(NestedProjects) = preSolution
		{AFAA8C8F-ACB6-41E1-B14C-6B91E074F44E} = {4A4D5D8E-6CD2-4EAB-96E7-B2473C3B2925}
		{F7B0DCBE-24E0-4559-9EE9-C9B69A0AAE2F} = {E85F0CF6-D317-46D7-8CBE-20D1E8849431}
		{3EA96E59-0411-4051-9264-508580EAFB3B} = {E85F0CF6-D317-46D7-8CBE-20D1E8849431}
		{57E14396-DD6D-4ECE-89A4-33D4E46FD95B} = {E85F0CF6-D317-46D7-8CBE-20D1E8849431}
		{E85F0CF6-D317-46D7-8CBE-20D1E8849431} = {4A4D5D8E-6CD2-4EAB-96E7-B2473C3B2925}
	EndGlobalSection
	GlobalSection(ExtensibilityGlobals) = postSolution
		SolutionGuid = {C8D55576-3422-405F-866A-7651C879FD8E}
	EndGlobalSection
EndGlobal
